
Microsoft Visual Studio Solution File, Format Version 12.00
# Visual Studio 15
Project("{FAE04EC0-301F-11D3-BF4B-00C04F79EFBC}") = "Arkanoid_TEST", "Arkanoid_TEST.csproj", "{7EE7B404-443F-59F7-F8F0-CB9049E10FBB}"
EndProject
Global
	GlobalSection(SolutionConfigurationPlatforms) = preSolution
		Debug|Any CPU = Debug|Any CPU
		Release|Any CPU = Release|Any CPU
	EndGlobalSection
	GlobalSection(ProjectConfigurationPlatforms) = postSolution
		{7EE7B404-443F-59F7-F8F0-CB9049E10FBB}.Debug|Any CPU.ActiveCfg = Debug|Any CPU
		{7EE7B404-443F-59F7-F8F0-CB9049E10FBB}.Debug|Any CPU.Build.0 = Debug|Any CPU
		{7EE7B404-443F-59F7-F8F0-CB9049E10FBB}.Release|Any CPU.ActiveCfg = Release|Any CPU
		{7EE7B404-443F-59F7-F8F0-CB9049E10FBB}.Release|Any CPU.Build.0 = Release|Any CPU
	EndGlobalSection
	GlobalSection(SolutionProperties) = preSolution
		HideSolutionNode = FALSE
	EndGlobalSection
EndGlobal
